{
    "_readme": [
        "This file locks the dependencies of your project to a known state",
        "Read more about it at https://getcomposer.org/doc/01-basic-usage.md#composer-lock-the-lock-file",
        "This file is @generated automatically"
    ],
    "hash": "b77898607c0f320e44ab4acde0031050",
    "packages": [],
    "packages-dev": [],
    "aliases": [],
    "minimum-stability": "stable",
    "stability-flags": [],
    "prefer-stable": false,
    "prefer-lowest": false,
    "platform": {
        "php": ">=5.4.0",
        "ext-dom": "*",
        "ext-gd": "*",
        "ext-json": "*",
        "ext-mbstring": "*",
        "ext-pcre": "*",
        "ext-pdo": "*",
        "ext-pdo_sqlite": "*",
        "ext-spl": "*",
        "ext-zip": "*",
        "lib-curl": "*",
        "lib-libxml": "*",
        "lib-pcre": "*"
    },
    "platform-dev": []
}
